
Microsoft Visual Studio Solution File, Format Version 12.00
# Visual Studio 15
Project("{FAE04EC0-301F-11D3-BF4B-00C04F79EFBC}") = "Assembly-CSharp", "Assembly-CSharp.csproj", "{D81228EF-E4B1-05D9-18C5-81E3D2E9CD20}"
EndProject
Project("{FAE04EC0-301F-11D3-BF4B-00C04F79EFBC}") = "Assembly-CSharp-firstpass", "Assembly-CSharp-firstpass.csproj", "{DF1AE5DC-6650-6B92-93B1-4CB9634C9A04}"
EndProject
Project("{FAE04EC0-301F-11D3-BF4B-00C04F79EFBC}") = "Assembly-CSharp-Editor-firstpass", "Assembly-CSharp-Editor-firstpass.csproj", "{56FE3281-F2C7-0EBC-C3E1-C23CF1847582}"
EndProject
Global
	GlobalSection(SolutionConfigurationPlatforms) = preSolution
		Debug|Any CPU = Debug|Any CPU
		Release|Any CPU = Release|Any CPU
	EndGlobalSection
	GlobalSection(ProjectConfigurationPlatforms) = postSolution
		{D81228EF-E4B1-05D9-18C5-81E3D2E9CD20}.Debug|Any CPU.ActiveCfg = Debug|Any CPU
		{D81228EF-E4B1-05D9-18C5-81E3D2E9CD20}.Debug|Any CPU.Build.0 = Debug|Any CPU
		{D81228EF-E4B1-05D9-18C5-81E3D2E9CD20}.Release|Any CPU.ActiveCfg = Release|Any CPU
		{D81228EF-E4B1-05D9-18C5-81E3D2E9CD20}.Release|Any CPU.Build.0 = Release|Any CPU
		{DF1AE5DC-6650-6B92-93B1-4CB9634C9A04}.Debug|Any CPU.ActiveCfg = Debug|Any CPU
		{DF1AE5DC-6650-6B92-93B1-4CB9634C9A04}.Debug|Any CPU.Build.0 = Debug|Any CPU
		{DF1AE5DC-6650-6B92-93B1-4CB9634C9A04}.Release|Any CPU.ActiveCfg = Release|Any CPU
		{DF1AE5DC-6650-6B92-93B1-4CB9634C9A04}.Release|Any CPU.Build.0 = Release|Any CPU
		{56FE3281-F2C7-0EBC-C3E1-C23CF1847582}.Debug|Any CPU.ActiveCfg = Debug|Any CPU
		{56FE3281-F2C7-0EBC-C3E1-C23CF1847582}.Debug|Any CPU.Build.0 = Debug|Any CPU
		{56FE3281-F2C7-0EBC-C3E1-C23CF1847582}.Release|Any CPU.ActiveCfg = Release|Any CPU
		{56FE3281-F2C7-0EBC-C3E1-C23CF1847582}.Release|Any CPU.Build.0 = Release|Any CPU
	EndGlobalSection
	GlobalSection(SolutionProperties) = preSolution
		HideSolutionNode = FALSE
	EndGlobalSection
EndGlobal
